
Microsoft Visual Studio Solution File, Format Version 12.00
# Visual Studio Version 16
VisualStudioVersion = 16.0.29411.108
MinimumVisualStudioVersion = 10.0.40219.1
Project("{FAE04EC0-301F-11D3-BF4B-00C04F79EFBC}") = "LearningNETCore", "LearningNETCore\LearningNETCore.csproj", "{4309553A-8D3E-4E3C-BAC3-BAAC85BB9B60}"
EndProject
Global
	GlobalSection(SolutionConfigurationPlatforms) = preSolution
		Debug|Any CPU = Debug|Any CPU
		Release|Any CPU = Release|Any CPU
	EndGlobalSection
	GlobalSection(ProjectConfigurationPlatforms) = postSolution
		{4309553A-8D3E-4E3C-BAC3-BAAC85BB9B60}.Debug|Any CPU.ActiveCfg = Debug|Any CPU
		{4309553A-8D3E-4E3C-BAC3-BAAC85BB9B60}.Debug|Any CPU.Build.0 = Debug|Any CPU
		{4309553A-8D3E-4E3C-BAC3-BAAC85BB9B60}.Release|Any CPU.ActiveCfg = Release|Any CPU
		{4309553A-8D3E-4E3C-BAC3-BAAC85BB9B60}.Release|Any CPU.Build.0 = Release|Any CPU
	EndGlobalSection
	GlobalSection(SolutionProperties) = preSolution
		HideSolutionNode = FALSE
	EndGlobalSection
	GlobalSection(ExtensibilityGlobals) = postSolution
		SolutionGuid = {03662900-C5C4-4A64-92C2-9D4848078348}
	EndGlobalSection
EndGlobal
